// !$*UTF8*$!
{
	archiveVersion = 1;
	classes = {
	};
	objectVersion = 50;
	objects = {

/* Begin PBXBuildFile section */
		2E212031CE00FBEBFB1BE657 /* libPods-NomNomTests.a in Frameworks */ = {isa = PBXBuildFile; fileRef = D03A2B2743DD3998B42B9537 /* libPods-NomNomTests.a */; };
		4CAB95AC1CFD0A953C1F4453 /* libPods-NomNom.a in Frameworks */ = {isa = PBXBuildFile; fileRef = 17D58A7E964172EACDD00711 /* libPods-NomNom.a */; settings = {ATTRIBUTES = (Required, ); }; };
		6DDF0B872DA2AC2CC9156AA2 /* libPods-NomNomUITests.a in Frameworks */ = {isa = PBXBuildFile; fileRef = E00BBF178712DC91F6432F35 /* libPods-NomNomUITests.a */; };
		9E44679E208A90CC00B11960 /* GoogleService-Info.plist in Resources */ = {isa = PBXBuildFile; fileRef = 9E44679D208A90CC00B11960 /* GoogleService-Info.plist */; };
		9E76B653208A1C6F0010A34C /* AppDelegate.m in Sources */ = {isa = PBXBuildFile; fileRef = 9E76B652208A1C6F0010A34C /* AppDelegate.m */; };
		9E76B656208A1C6F0010A34C /* ViewController.m in Sources */ = {isa = PBXBuildFile; fileRef = 9E76B655208A1C6F0010A34C /* ViewController.m */; };
		9E76B659208A1C6F0010A34C /* Main.storyboard in Resources */ = {isa = PBXBuildFile; fileRef = 9E76B657208A1C6F0010A34C /* Main.storyboard */; };
		9E76B65B208A1C710010A34C /* Assets.xcassets in Resources */ = {isa = PBXBuildFile; fileRef = 9E76B65A208A1C710010A34C /* Assets.xcassets */; };
		9E76B65E208A1C710010A34C /* LaunchScreen.storyboard in Resources */ = {isa = PBXBuildFile; fileRef = 9E76B65C208A1C710010A34C /* LaunchScreen.storyboard */; };
		9E76B661208A1C710010A34C /* main.m in Sources */ = {isa = PBXBuildFile; fileRef = 9E76B660208A1C710010A34C /* main.m */; };
		9E76B66B208A1C710010A34C /* NomNomTests.m in Sources */ = {isa = PBXBuildFile; fileRef = 9E76B66A208A1C710010A34C /* NomNomTests.m */; };
		9E76B676208A1C710010A34C /* NomNomUITests.m in Sources */ = {isa = PBXBuildFile; fileRef = 9E76B675208A1C710010A34C /* NomNomUITests.m */; };
		9E76B68C208A29BF0010A34C /* Ramen.jpeg in Resources */ = {isa = PBXBuildFile; fileRef = 9E76B68B208A29BF0010A34C /* Ramen.jpeg */; };
		9E76B68F208A38B60010A34C /* FoodInfo.m in Sources */ = {isa = PBXBuildFile; fileRef = 9E76B68E208A38B60010A34C /* FoodInfo.m */; };
		9E76B694208A415E0010A34C /* cupcake.jpg in Resources */ = {isa = PBXBuildFile; fileRef = 9E76B693208A415D0010A34C /* cupcake.jpg */; };
		AB2F81A8208EDD560002E184 /* SecondViewController.m in Sources */ = {isa = PBXBuildFile; fileRef = AB2F81A7208EDD560002E184 /* SecondViewController.m */; };
		AB2F81AB208EEA000002E184 /* ThirdViewController.m in Sources */ = {isa = PBXBuildFile; fileRef = AB2F81AA208EE9FF0002E184 /* ThirdViewController.m */; };
		AB8C96682096545600EFB218 /* libGoogleToolboxForMac.a in Frameworks */ = {isa = PBXBuildFile; fileRef = AB8C9653209650C700EFB218 /* libGoogleToolboxForMac.a */; };
		AB8C96692096545F00EFB218 /* libGTMSessionFetcher.a in Frameworks */ = {isa = PBXBuildFile; fileRef = AB8C9655209650C700EFB218 /* libGTMSessionFetcher.a */; };
		AB8C966A2096546700EFB218 /* libleveldb-library.a in Frameworks */ = {isa = PBXBuildFile; fileRef = AB8C9657209650C700EFB218 /* libleveldb-library.a */; };
		AB8C966B2096546D00EFB218 /* libnanopb.a in Frameworks */ = {isa = PBXBuildFile; fileRef = AB8C9659209650C700EFB218 /* libnanopb.a */; };
		AB8C966C2096547200EFB218 /* libPods-NomNomTests.a in Frameworks */ = {isa = PBXBuildFile; fileRef = AB8C965D209650C700EFB218 /* libPods-NomNomTests.a */; };
		AB8C966D2096547800EFB218 /* libPods-NomNomUITests.a in Frameworks */ = {isa = PBXBuildFile; fileRef = AB8C965F209650C700EFB218 /* libPods-NomNomUITests.a */; };
		AB8C967C2098F1D100EFB218 /* LinkLoginController.m in Sources */ = {isa = PBXBuildFile; fileRef = AB8C967B2098F1D100EFB218 /* LinkLoginController.m */; };
/* End PBXBuildFile section */

/* Begin PBXContainerItemProxy section */
		9E76B667208A1C710010A34C /* PBXContainerItemProxy */ = {
			isa = PBXContainerItemProxy;
			containerPortal = 9E76B646208A1C6F0010A34C /* Project object */;
			proxyType = 1;
			remoteGlobalIDString = 9E76B64D208A1C6F0010A34C;
			remoteInfo = NomNom;
		};
		9E76B672208A1C710010A34C /* PBXContainerItemProxy */ = {
			isa = PBXContainerItemProxy;
			containerPortal = 9E76B646208A1C6F0010A34C /* Project object */;
			proxyType = 1;
			remoteGlobalIDString = 9E76B64D208A1C6F0010A34C;
			remoteInfo = NomNom;
		};
		AB8C9652209650C700EFB218 /* PBXContainerItemProxy */ = {
			isa = PBXContainerItemProxy;
			containerPortal = AB8C9648209650C700EFB218 /* Pods.xcodeproj */;
			proxyType = 2;
			remoteGlobalIDString = B736105D4F228636810C772BCB5021ED;
			remoteInfo = GoogleToolboxForMac;
		};
		AB8C9654209650C700EFB218 /* PBXContainerItemProxy */ = {
			isa = PBXContainerItemProxy;
			containerPortal = AB8C9648209650C700EFB218 /* Pods.xcodeproj */;
			proxyType = 2;
			remoteGlobalIDString = 4A0454885EE3F3DE31C71EEFCDC79B3D;
			remoteInfo = GTMSessionFetcher;
		};
		AB8C9656209650C700EFB218 /* PBXContainerItemProxy */ = {
			isa = PBXContainerItemProxy;
			containerPortal = AB8C9648209650C700EFB218 /* Pods.xcodeproj */;
			proxyType = 2;
			remoteGlobalIDString = 52E82C3CE58D0DE2FC4603DBB4F82005;
			remoteInfo = "leveldb-library";
		};
		AB8C9658209650C700EFB218 /* PBXContainerItemProxy */ = {
			isa = PBXContainerItemProxy;
			containerPortal = AB8C9648209650C700EFB218 /* Pods.xcodeproj */;
			proxyType = 2;
			remoteGlobalIDString = 707F2C25FD89DA0BAB4A902A4ED96182;
			remoteInfo = nanopb;
		};
		AB8C965A209650C700EFB218 /* PBXContainerItemProxy */ = {
			isa = PBXContainerItemProxy;
			containerPortal = AB8C9648209650C700EFB218 /* Pods.xcodeproj */;
			proxyType = 2;
			remoteGlobalIDString = F7FA15952E3F0D7D845E4238F8F57FF0;
			remoteInfo = "Pods-NomNom";
		};
		AB8C965C209650C700EFB218 /* PBXContainerItemProxy */ = {
			isa = PBXContainerItemProxy;
			containerPortal = AB8C9648209650C700EFB218 /* Pods.xcodeproj */;
			proxyType = 2;
			remoteGlobalIDString = C34238B0D7E3DFE89729EAF82407F548;
			remoteInfo = "Pods-NomNomTests";
		};
		AB8C965E209650C700EFB218 /* PBXContainerItemProxy */ = {
			isa = PBXContainerItemProxy;
			containerPortal = AB8C9648209650C700EFB218 /* Pods.xcodeproj */;
			proxyType = 2;
			remoteGlobalIDString = 83904B09B890782BE99A0A3CDE4DA543;
			remoteInfo = "Pods-NomNomUITests";
		};
/* End PBXContainerItemProxy section */

/* Begin PBXFileReference section */
		17D58A7E964172EACDD00711 /* libPods-NomNom.a */ = {isa = PBXFileReference; explicitFileType = archive.ar; includeInIndex = 0; path = "libPods-NomNom.a"; sourceTree = BUILT_PRODUCTS_DIR; };
		38B4D5169DF6CF98D678A2CD /* Pods-NomNomUITests.release.xcconfig */ = {isa = PBXFileReference; includeInIndex = 1; lastKnownFileType = text.xcconfig; name = "Pods-NomNomUITests.release.xcconfig"; path = "Pods/Target Support Files/Pods-NomNomUITests/Pods-NomNomUITests.release.xcconfig"; sourceTree = "<group>"; };
		47E1B4EE3383A74DBD0BFE6D /* Pods-NomNom.debug.xcconfig */ = {isa = PBXFileReference; includeInIndex = 1; lastKnownFileType = text.xcconfig; name = "Pods-NomNom.debug.xcconfig"; path = "Pods/Target Support Files/Pods-NomNom/Pods-NomNom.debug.xcconfig"; sourceTree = "<group>"; };
		628BE44E8F4FF4383B7D5FB3 /* Pods-NomNomTests.debug.xcconfig */ = {isa = PBXFileReference; includeInIndex = 1; lastKnownFileType = text.xcconfig; name = "Pods-NomNomTests.debug.xcconfig"; path = "Pods/Target Support Files/Pods-NomNomTests/Pods-NomNomTests.debug.xcconfig"; sourceTree = "<group>"; };
		74759663BA8A86A51880B4E7 /* Pods-NomNomTests.release.xcconfig */ = {isa = PBXFileReference; includeInIndex = 1; lastKnownFileType = text.xcconfig; name = "Pods-NomNomTests.release.xcconfig"; path = "Pods/Target Support Files/Pods-NomNomTests/Pods-NomNomTests.release.xcconfig"; sourceTree = "<group>"; };
		9E44679D208A90CC00B11960 /* GoogleService-Info.plist */ = {isa = PBXFileReference; fileEncoding = 4; lastKnownFileType = text.plist.xml; path = "GoogleService-Info.plist"; sourceTree = "<group>"; };
		9E76B64E208A1C6F0010A34C /* NomNom.app */ = {isa = PBXFileReference; explicitFileType = wrapper.application; includeInIndex = 0; path = NomNom.app; sourceTree = BUILT_PRODUCTS_DIR; };
		9E76B651208A1C6F0010A34C /* AppDelegate.h */ = {isa = PBXFileReference; lastKnownFileType = sourcecode.c.h; path = AppDelegate.h; sourceTree = "<group>"; };
		9E76B652208A1C6F0010A34C /* AppDelegate.m */ = {isa = PBXFileReference; lastKnownFileType = sourcecode.c.objc; path = AppDelegate.m; sourceTree = "<group>"; };
		9E76B654208A1C6F0010A34C /* ViewController.h */ = {isa = PBXFileReference; lastKnownFileType = sourcecode.c.h; path = ViewController.h; sourceTree = "<group>"; };
		9E76B655208A1C6F0010A34C /* ViewController.m */ = {isa = PBXFileReference; lastKnownFileType = sourcecode.c.objc; path = ViewController.m; sourceTree = "<group>"; };
		9E76B658208A1C6F0010A34C /* Base */ = {isa = PBXFileReference; lastKnownFileType = file.storyboard; name = Base; path = Base.lproj/Main.storyboard; sourceTree = "<group>"; };
		9E76B65A208A1C710010A34C /* Assets.xcassets */ = {isa = PBXFileReference; lastKnownFileType = folder.assetcatalog; path = Assets.xcassets; sourceTree = "<group>"; };
		9E76B65D208A1C710010A34C /* Base */ = {isa = PBXFileReference; lastKnownFileType = file.storyboard; name = Base; path = Base.lproj/LaunchScreen.storyboard; sourceTree = "<group>"; };
		9E76B65F208A1C710010A34C /* Info.plist */ = {isa = PBXFileReference; lastKnownFileType = text.plist.xml; path = Info.plist; sourceTree = "<group>"; };
		9E76B660208A1C710010A34C /* main.m */ = {isa = PBXFileReference; lastKnownFileType = sourcecode.c.objc; path = main.m; sourceTree = "<group>"; };
		9E76B666208A1C710010A34C /* NomNomTests.xctest */ = {isa = PBXFileReference; explicitFileType = wrapper.cfbundle; includeInIndex = 0; path = NomNomTests.xctest; sourceTree = BUILT_PRODUCTS_DIR; };
		9E76B66A208A1C710010A34C /* NomNomTests.m */ = {isa = PBXFileReference; lastKnownFileType = sourcecode.c.objc; path = NomNomTests.m; sourceTree = "<group>"; };
		9E76B66C208A1C710010A34C /* Info.plist */ = {isa = PBXFileReference; lastKnownFileType = text.plist.xml; path = Info.plist; sourceTree = "<group>"; };
		9E76B671208A1C710010A34C /* NomNomUITests.xctest */ = {isa = PBXFileReference; explicitFileType = wrapper.cfbundle; includeInIndex = 0; path = NomNomUITests.xctest; sourceTree = BUILT_PRODUCTS_DIR; };
		9E76B675208A1C710010A34C /* NomNomUITests.m */ = {isa = PBXFileReference; lastKnownFileType = sourcecode.c.objc; path = NomNomUITests.m; sourceTree = "<group>"; };
		9E76B677208A1C710010A34C /* Info.plist */ = {isa = PBXFileReference; lastKnownFileType = text.plist.xml; path = Info.plist; sourceTree = "<group>"; };
		9E76B68B208A29BF0010A34C /* Ramen.jpeg */ = {isa = PBXFileReference; lastKnownFileType = image.jpeg; name = Ramen.jpeg; path = Assets.xcassets/Ramen.jpeg; sourceTree = "<group>"; };
		9E76B68D208A38B60010A34C /* FoodInfo.h */ = {isa = PBXFileReference; lastKnownFileType = sourcecode.c.h; path = FoodInfo.h; sourceTree = "<group>"; };
		9E76B68E208A38B60010A34C /* FoodInfo.m */ = {isa = PBXFileReference; lastKnownFileType = sourcecode.c.objc; path = FoodInfo.m; sourceTree = "<group>"; };
		9E76B693208A415D0010A34C /* cupcake.jpg */ = {isa = PBXFileReference; lastKnownFileType = image.jpeg; name = cupcake.jpg; path = Assets.xcassets/cupcake.jpg; sourceTree = "<group>"; };
		AB2F81A6208EDD560002E184 /* SecondViewController.h */ = {isa = PBXFileReference; lastKnownFileType = sourcecode.c.h; path = SecondViewController.h; sourceTree = "<group>"; };
		AB2F81A7208EDD560002E184 /* SecondViewController.m */ = {isa = PBXFileReference; lastKnownFileType = sourcecode.c.objc; path = SecondViewController.m; sourceTree = "<group>"; };
		AB2F81A9208EE9FF0002E184 /* ThirdViewController.h */ = {isa = PBXFileReference; lastKnownFileType = sourcecode.c.h; path = ThirdViewController.h; sourceTree = "<group>"; };
		AB2F81AA208EE9FF0002E184 /* ThirdViewController.m */ = {isa = PBXFileReference; lastKnownFileType = sourcecode.c.objc; path = ThirdViewController.m; sourceTree = "<group>"; };
		AB8C9648209650C700EFB218 /* Pods.xcodeproj */ = {isa = PBXFileReference; lastKnownFileType = "wrapper.pb-project"; name = Pods.xcodeproj; path = Pods/Pods.xcodeproj; sourceTree = SOURCE_ROOT; };
		AB8C967A2098F1D100EFB218 /* LinkLoginController.h */ = {isa = PBXFileReference; lastKnownFileType = sourcecode.c.h; path = LinkLoginController.h; sourceTree = "<group>"; };
		AB8C967B2098F1D100EFB218 /* LinkLoginController.m */ = {isa = PBXFileReference; lastKnownFileType = sourcecode.c.objc; path = LinkLoginController.m; sourceTree = "<group>"; };
		D03A2B2743DD3998B42B9537 /* libPods-NomNomTests.a */ = {isa = PBXFileReference; explicitFileType = archive.ar; includeInIndex = 0; path = "libPods-NomNomTests.a"; sourceTree = BUILT_PRODUCTS_DIR; };
		E00BBF178712DC91F6432F35 /* libPods-NomNomUITests.a */ = {isa = PBXFileReference; explicitFileType = archive.ar; includeInIndex = 0; path = "libPods-NomNomUITests.a"; sourceTree = BUILT_PRODUCTS_DIR; };
		EE7C4DAE81EB37E7E096166C /* Pods-NomNomUITests.debug.xcconfig */ = {isa = PBXFileReference; includeInIndex = 1; lastKnownFileType = text.xcconfig; name = "Pods-NomNomUITests.debug.xcconfig"; path = "Pods/Target Support Files/Pods-NomNomUITests/Pods-NomNomUITests.debug.xcconfig"; sourceTree = "<group>"; };
		F1774902036F773EAFD9A017 /* Pods-NomNom.release.xcconfig */ = {isa = PBXFileReference; includeInIndex = 1; lastKnownFileType = text.xcconfig; name = "Pods-NomNom.release.xcconfig"; path = "Pods/Target Support Files/Pods-NomNom/Pods-NomNom.release.xcconfig"; sourceTree = "<group>"; };
/* End PBXFileReference section */

/* Begin PBXFrameworksBuildPhase section */
		9E76B64B208A1C6F0010A34C /* Frameworks */ = {
			isa = PBXFrameworksBuildPhase;
			buildActionMask = 2147483647;
			files = (
				AB8C966D2096547800EFB218 /* libPods-NomNomUITests.a in Frameworks */,
				AB8C966C2096547200EFB218 /* libPods-NomNomTests.a in Frameworks */,
				AB8C966B2096546D00EFB218 /* libnanopb.a in Frameworks */,
				AB8C966A2096546700EFB218 /* libleveldb-library.a in Frameworks */,
				AB8C96692096545F00EFB218 /* libGTMSessionFetcher.a in Frameworks */,
				AB8C96682096545600EFB218 /* libGoogleToolboxForMac.a in Frameworks */,
				4CAB95AC1CFD0A953C1F4453 /* libPods-NomNom.a in Frameworks */,
			);
			runOnlyForDeploymentPostprocessing = 0;
		};
		9E76B663208A1C710010A34C /* Frameworks */ = {
			isa = PBXFrameworksBuildPhase;
			buildActionMask = 2147483647;
			files = (
				2E212031CE00FBEBFB1BE657 /* libPods-NomNomTests.a in Frameworks */,
			);
			runOnlyForDeploymentPostprocessing = 0;
		};
		9E76B66E208A1C710010A34C /* Frameworks */ = {
			isa = PBXFrameworksBuildPhase;
			buildActionMask = 2147483647;
			files = (
				6DDF0B872DA2AC2CC9156AA2 /* libPods-NomNomUITests.a in Frameworks */,
			);
			runOnlyForDeploymentPostprocessing = 0;
		};
/* End PBXFrameworksBuildPhase section */

/* Begin PBXGroup section */
		44307A9ABB52D0551987FEF1 /* Pods */ = {
			isa = PBXGroup;
			children = (
				47E1B4EE3383A74DBD0BFE6D /* Pods-NomNom.debug.xcconfig */,
				F1774902036F773EAFD9A017 /* Pods-NomNom.release.xcconfig */,
				628BE44E8F4FF4383B7D5FB3 /* Pods-NomNomTests.debug.xcconfig */,
				74759663BA8A86A51880B4E7 /* Pods-NomNomTests.release.xcconfig */,
				EE7C4DAE81EB37E7E096166C /* Pods-NomNomUITests.debug.xcconfig */,
				38B4D5169DF6CF98D678A2CD /* Pods-NomNomUITests.release.xcconfig */,
			);
			name = Pods;
			sourceTree = "<group>";
		};
		6074A7CEC350E5A37A8959C6 /* Frameworks */ = {
			isa = PBXGroup;
			children = (
				17D58A7E964172EACDD00711 /* libPods-NomNom.a */,
				D03A2B2743DD3998B42B9537 /* libPods-NomNomTests.a */,
				E00BBF178712DC91F6432F35 /* libPods-NomNomUITests.a */,
			);
			name = Frameworks;
			sourceTree = "<group>";
		};
		9E76B645208A1C6F0010A34C = {
			isa = PBXGroup;
			children = (
				9E76B650208A1C6F0010A34C /* NomNom */,
				9E76B669208A1C710010A34C /* NomNomTests */,
				9E76B674208A1C710010A34C /* NomNomUITests */,
				9E76B64F208A1C6F0010A34C /* Products */,
				44307A9ABB52D0551987FEF1 /* Pods */,
				6074A7CEC350E5A37A8959C6 /* Frameworks */,
			);
			sourceTree = "<group>";
		};
		9E76B64F208A1C6F0010A34C /* Products */ = {
			isa = PBXGroup;
			children = (
				9E76B64E208A1C6F0010A34C /* NomNom.app */,
				9E76B666208A1C710010A34C /* NomNomTests.xctest */,
				9E76B671208A1C710010A34C /* NomNomUITests.xctest */,
			);
			name = Products;
			sourceTree = "<group>";
		};
		9E76B650208A1C6F0010A34C /* NomNom */ = {
			isa = PBXGroup;
			children = (
				AB8C9648209650C700EFB218 /* Pods.xcodeproj */,
				AB2F81A6208EDD560002E184 /* SecondViewController.h */,
				AB2F81A7208EDD560002E184 /* SecondViewController.m */,
				AB2F81A9208EE9FF0002E184 /* ThirdViewController.h */,
				AB2F81AA208EE9FF0002E184 /* ThirdViewController.m */,
				9E76B651208A1C6F0010A34C /* AppDelegate.h */,
				9E76B652208A1C6F0010A34C /* AppDelegate.m */,
				9E76B68D208A38B60010A34C /* FoodInfo.h */,
				9E76B693208A415D0010A34C /* cupcake.jpg */,
				9E76B68E208A38B60010A34C /* FoodInfo.m */,
				9E76B654208A1C6F0010A34C /* ViewController.h */,
				9E76B655208A1C6F0010A34C /* ViewController.m */,
				9E76B657208A1C6F0010A34C /* Main.storyboard */,
				AB8C967A2098F1D100EFB218 /* LinkLoginController.h */,
				AB8C967B2098F1D100EFB218 /* LinkLoginController.m */,
				9E76B65A208A1C710010A34C /* Assets.xcassets */,
				9E76B68B208A29BF0010A34C /* Ramen.jpeg */,
				9E76B65C208A1C710010A34C /* LaunchScreen.storyboard */,
				9E76B65F208A1C710010A34C /* Info.plist */,
				9E44679D208A90CC00B11960 /* GoogleService-Info.plist */,
				9E76B660208A1C710010A34C /* main.m */,
			);
			path = NomNom;
			sourceTree = "<group>";
		};
		9E76B669208A1C710010A34C /* NomNomTests */ = {
			isa = PBXGroup;
			children = (
				9E76B66A208A1C710010A34C /* NomNomTests.m */,
				9E76B66C208A1C710010A34C /* Info.plist */,
			);
			path = NomNomTests;
			sourceTree = "<group>";
		};
		9E76B674208A1C710010A34C /* NomNomUITests */ = {
			isa = PBXGroup;
			children = (
				9E76B675208A1C710010A34C /* NomNomUITests.m */,
				9E76B677208A1C710010A34C /* Info.plist */,
			);
			path = NomNomUITests;
			sourceTree = "<group>";
		};
		AB8C9649209650C700EFB218 /* Products */ = {
			isa = PBXGroup;
			children = (
				AB8C9653209650C700EFB218 /* libGoogleToolboxForMac.a */,
				AB8C9655209650C700EFB218 /* libGTMSessionFetcher.a */,
				AB8C9657209650C700EFB218 /* libleveldb-library.a */,
				AB8C9659209650C700EFB218 /* libnanopb.a */,
				AB8C965B209650C700EFB218 /* libPods-NomNom.a */,
				AB8C965D209650C700EFB218 /* libPods-NomNomTests.a */,
				AB8C965F209650C700EFB218 /* libPods-NomNomUITests.a */,
			);
			name = Products;
			sourceTree = "<group>";
		};
/* End PBXGroup section */

/* Begin PBXNativeTarget section */
		9E76B64D208A1C6F0010A34C /* NomNom */ = {
			isa = PBXNativeTarget;
			buildConfigurationList = 9E76B67A208A1C710010A34C /* Build configuration list for PBXNativeTarget "NomNom" */;
			buildPhases = (
				1E793A73CEBDB983B059D03E /* [CP] Check Pods Manifest.lock */,
				9E76B64A208A1C6F0010A34C /* Sources */,
				9E76B64B208A1C6F0010A34C /* Frameworks */,
				9E76B64C208A1C6F0010A34C /* Resources */,
			);
			buildRules = (
			);
			dependencies = (
			);
			name = NomNom;
			productName = NomNom;
			productReference = 9E76B64E208A1C6F0010A34C /* NomNom.app */;
			productType = "com.apple.product-type.application";
		};
		9E76B665208A1C710010A34C /* NomNomTests */ = {
			isa = PBXNativeTarget;
			buildConfigurationList = 9E76B67D208A1C710010A34C /* Build configuration list for PBXNativeTarget "NomNomTests" */;
			buildPhases = (
				670515A7EF89BC66D8FE0DB3 /* [CP] Check Pods Manifest.lock */,
				9E76B662208A1C710010A34C /* Sources */,
				9E76B663208A1C710010A34C /* Frameworks */,
				9E76B664208A1C710010A34C /* Resources */,
			);
			buildRules = (
			);
			dependencies = (
				9E76B668208A1C710010A34C /* PBXTargetDependency */,
			);
			name = NomNomTests;
			productName = NomNomTests;
			productReference = 9E76B666208A1C710010A34C /* NomNomTests.xctest */;
			productType = "com.apple.product-type.bundle.unit-test";
		};
		9E76B670208A1C710010A34C /* NomNomUITests */ = {
			isa = PBXNativeTarget;
			buildConfigurationList = 9E76B680208A1C710010A34C /* Build configuration list for PBXNativeTarget "NomNomUITests" */;
			buildPhases = (
				0C28197DC8CDC7E99E1D7D5E /* [CP] Check Pods Manifest.lock */,
				9E76B66D208A1C710010A34C /* Sources */,
				9E76B66E208A1C710010A34C /* Frameworks */,
				9E76B66F208A1C710010A34C /* Resources */,
			);
			buildRules = (
			);
			dependencies = (
				9E76B673208A1C710010A34C /* PBXTargetDependency */,
			);
			name = NomNomUITests;
			productName = NomNomUITests;
			productReference = 9E76B671208A1C710010A34C /* NomNomUITests.xctest */;
			productType = "com.apple.product-type.bundle.ui-testing";
		};
/* End PBXNativeTarget section */

/* Begin PBXProject section */
		9E76B646208A1C6F0010A34C /* Project object */ = {
			isa = PBXProject;
			attributes = {
				LastUpgradeCheck = 0930;
				ORGANIZATIONNAME = "Joanna Wang";
				TargetAttributes = {
					9E76B64D208A1C6F0010A34C = {
						CreatedOnToolsVersion = 9.3;
					};
					9E76B665208A1C710010A34C = {
						CreatedOnToolsVersion = 9.3;
						TestTargetID = 9E76B64D208A1C6F0010A34C;
					};
					9E76B670208A1C710010A34C = {
						CreatedOnToolsVersion = 9.3;
						TestTargetID = 9E76B64D208A1C6F0010A34C;
					};
				};
			};
			buildConfigurationList = 9E76B649208A1C6F0010A34C /* Build configuration list for PBXProject "NomNom" */;
			compatibilityVersion = "Xcode 9.3";
			developmentRegion = en;
			hasScannedForEncodings = 0;
			knownRegions = (
				en,
				Base,
			);
			mainGroup = 9E76B645208A1C6F0010A34C;
			productRefGroup = 9E76B64F208A1C6F0010A34C /* Products */;
			projectDirPath = "";
			projectReferences = (
				{
					ProductGroup = AB8C9649209650C700EFB218 /* Products */;
					ProjectRef = AB8C9648209650C700EFB218 /* Pods.xcodeproj */;
				},
			);
			projectRoot = "";
			targets = (
				9E76B64D208A1C6F0010A34C /* NomNom */,
				9E76B665208A1C710010A34C /* NomNomTests */,
				9E76B670208A1C710010A34C /* NomNomUITests */,
			);
		};
/* End PBXProject section */

/* Begin PBXReferenceProxy section */
		AB8C9653209650C700EFB218 /* libGoogleToolboxForMac.a */ = {
			isa = PBXReferenceProxy;
			fileType = archive.ar;
			path = libGoogleToolboxForMac.a;
			remoteRef = AB8C9652209650C700EFB218 /* PBXContainerItemProxy */;
			sourceTree = BUILT_PRODUCTS_DIR;
		};
		AB8C9655209650C700EFB218 /* libGTMSessionFetcher.a */ = {
			isa = PBXReferenceProxy;
			fileType = archive.ar;
			path = libGTMSessionFetcher.a;
			remoteRef = AB8C9654209650C700EFB218 /* PBXContainerItemProxy */;
			sourceTree = BUILT_PRODUCTS_DIR;
		};
		AB8C9657209650C700EFB218 /* libleveldb-library.a */ = {
			isa = PBXReferenceProxy;
			fileType = archive.ar;
			path = "libleveldb-library.a";
			remoteRef = AB8C9656209650C700EFB218 /* PBXContainerItemProxy */;
			sourceTree = BUILT_PRODUCTS_DIR;
		};
		AB8C9659209650C700EFB218 /* libnanopb.a */ = {
			isa = PBXReferenceProxy;
			fileType = archive.ar;
			path = libnanopb.a;
			remoteRef = AB8C9658209650C700EFB218 /* PBXContainerItemProxy */;
			sourceTree = BUILT_PRODUCTS_DIR;
		};
		AB8C965B209650C700EFB218 /* libPods-NomNom.a */ = {
			isa = PBXReferenceProxy;
			fileType = archive.ar;
			path = "libPods-NomNom.a";
			remoteRef = AB8C965A209650C700EFB218 /* PBXContainerItemProxy */;
			sourceTree = BUILT_PRODUCTS_DIR;
		};
		AB8C965D209650C700EFB218 /* libPods-NomNomTests.a */ = {
			isa = PBXReferenceProxy;
			fileType = archive.ar;
			path = "libPods-NomNomTests.a";
			remoteRef = AB8C965C209650C700EFB218 /* PBXContainerItemProxy */;
			sourceTree = BUILT_PRODUCTS_DIR;
		};
		AB8C965F209650C700EFB218 /* libPods-NomNomUITests.a */ = {
			isa = PBXReferenceProxy;
			fileType = archive.ar;
			path = "libPods-NomNomUITests.a";
			remoteRef = AB8C965E209650C700EFB218 /* PBXContainerItemProxy */;
			sourceTree = BUILT_PRODUCTS_DIR;
		};
/* End PBXReferenceProxy section */

/* Begin PBXResourcesBuildPhase section */
		9E76B64C208A1C6F0010A34C /* Resources */ = {
			isa = PBXResourcesBuildPhase;
			buildActionMask = 2147483647;
			files = (
				9E76B65E208A1C710010A34C /* LaunchScreen.storyboard in Resources */,
				9E76B65B208A1C710010A34C /* Assets.xcassets in Resources */,
				9E76B68C208A29BF0010A34C /* Ramen.jpeg in Resources */,
				9E76B659208A1C6F0010A34C /* Main.storyboard in Resources */,
				9E76B694208A415E0010A34C /* cupcake.jpg in Resources */,
				9E44679E208A90CC00B11960 /* GoogleService-Info.plist in Resources */,
			);
			runOnlyForDeploymentPostprocessing = 0;
		};
		9E76B664208A1C710010A34C /* Resources */ = {
			isa = PBXResourcesBuildPhase;
			buildActionMask = 2147483647;
			files = (
			);
			runOnlyForDeploymentPostprocessing = 0;
		};
		9E76B66F208A1C710010A34C /* Resources */ = {
			isa = PBXResourcesBuildPhase;
			buildActionMask = 2147483647;
			files = (
			);
			runOnlyForDeploymentPostprocessing = 0;
		};
/* End PBXResourcesBuildPhase section */

/* Begin PBXShellScriptBuildPhase section */
		0C28197DC8CDC7E99E1D7D5E /* [CP] Check Pods Manifest.lock */ = {
			isa = PBXShellScriptBuildPhase;
			buildActionMask = 2147483647;
			files = (
			);
			inputPaths = (
				"${PODS_PODFILE_DIR_PATH}/Podfile.lock",
				"${PODS_ROOT}/Manifest.lock",
			);
			name = "[CP] Check Pods Manifest.lock";
			outputPaths = (
				"$(DERIVED_FILE_DIR)/Pods-NomNomUITests-checkManifestLockResult.txt",
			);
			runOnlyForDeploymentPostprocessing = 0;
			shellPath = /bin/sh;
			shellScript = "diff \"${PODS_PODFILE_DIR_PATH}/Podfile.lock\" \"${PODS_ROOT}/Manifest.lock\" > /dev/null\nif [ $? != 0 ] ; then\n    # print error to STDERR\n    echo \"error: The sandbox is not in sync with the Podfile.lock. Run 'pod install' or update your CocoaPods installation.\" >&2\n    exit 1\nfi\n# This output is used by Xcode 'outputs' to avoid re-running this script phase.\necho \"SUCCESS\" > \"${SCRIPT_OUTPUT_FILE_0}\"\n";
			showEnvVarsInLog = 0;
		};
		1E793A73CEBDB983B059D03E /* [CP] Check Pods Manifest.lock */ = {
			isa = PBXShellScriptBuildPhase;
			buildActionMask = 2147483647;
			files = (
			);
			inputPaths = (
				"${PODS_PODFILE_DIR_PATH}/Podfile.lock",
				"${PODS_ROOT}/Manifest.lock",
			);
			name = "[CP] Check Pods Manifest.lock";
			outputPaths = (
				"$(DERIVED_FILE_DIR)/Pods-NomNom-checkManifestLockResult.txt",
			);
			runOnlyForDeploymentPostprocessing = 0;
			shellPath = /bin/sh;
			shellScript = "diff \"${PODS_PODFILE_DIR_PATH}/Podfile.lock\" \"${PODS_ROOT}/Manifest.lock\" > /dev/null\nif [ $? != 0 ] ; then\n    # print error to STDERR\n    echo \"error: The sandbox is not in sync with the Podfile.lock. Run 'pod install' or update your CocoaPods installation.\" >&2\n    exit 1\nfi\n# This output is used by Xcode 'outputs' to avoid re-running this script phase.\necho \"SUCCESS\" > \"${SCRIPT_OUTPUT_FILE_0}\"\n";
			showEnvVarsInLog = 0;
		};
		670515A7EF89BC66D8FE0DB3 /* [CP] Check Pods Manifest.lock */ = {
			isa = PBXShellScriptBuildPhase;
			buildActionMask = 2147483647;
			files = (
			);
			inputPaths = (
				"${PODS_PODFILE_DIR_PATH}/Podfile.lock",
				"${PODS_ROOT}/Manifest.lock",
			);
			name = "[CP] Check Pods Manifest.lock";
			outputPaths = (
				"$(DERIVED_FILE_DIR)/Pods-NomNomTests-checkManifestLockResult.txt",
			);
			runOnlyForDeploymentPostprocessing = 0;
			shellPath = /bin/sh;
			shellScript = "diff \"${PODS_PODFILE_DIR_PATH}/Podfile.lock\" \"${PODS_ROOT}/Manifest.lock\" > /dev/null\nif [ $? != 0 ] ; then\n    # print error to STDERR\n    echo \"error: The sandbox is not in sync with the Podfile.lock. Run 'pod install' or update your CocoaPods installation.\" >&2\n    exit 1\nfi\n# This output is used by Xcode 'outputs' to avoid re-running this script phase.\necho \"SUCCESS\" > \"${SCRIPT_OUTPUT_FILE_0}\"\n";
			showEnvVarsInLog = 0;
		};
/* End PBXShellScriptBuildPhase section */

/* Begin PBXSourcesBuildPhase section */
		9E76B64A208A1C6F0010A34C /* Sources */ = {
			isa = PBXSourcesBuildPhase;
			buildActionMask = 2147483647;
			files = (
				AB8C967C2098F1D100EFB218 /* LinkLoginController.m in Sources */,
				9E76B656208A1C6F0010A34C /* ViewController.m in Sources */,
				9E76B68F208A38B60010A34C /* FoodInfo.m in Sources */,
				AB2F81AB208EEA000002E184 /* ThirdViewController.m in Sources */,
				AB2F81A8208EDD560002E184 /* SecondViewController.m in Sources */,
				9E76B661208A1C710010A34C /* main.m in Sources */,
				9E76B653208A1C6F0010A34C /* AppDelegate.m in Sources */,
			);
			runOnlyForDeploymentPostprocessing = 0;
		};
		9E76B662208A1C710010A34C /* Sources */ = {
			isa = PBXSourcesBuildPhase;
			buildActionMask = 2147483647;
			files = (
				9E76B66B208A1C710010A34C /* NomNomTests.m in Sources */,
			);
			runOnlyForDeploymentPostprocessing = 0;
		};
		9E76B66D208A1C710010A34C /* Sources */ = {
			isa = PBXSourcesBuildPhase;
			buildActionMask = 2147483647;
			files = (
				9E76B676208A1C710010A34C /* NomNomUITests.m in Sources */,
			);
			runOnlyForDeploymentPostprocessing = 0;
		};
/* End PBXSourcesBuildPhase section */

/* Begin PBXTargetDependency section */
		9E76B668208A1C710010A34C /* PBXTargetDependency */ = {
			isa = PBXTargetDependency;
			target = 9E76B64D208A1C6F0010A34C /* NomNom */;
			targetProxy = 9E76B667208A1C710010A34C /* PBXContainerItemProxy */;
		};
		9E76B673208A1C710010A34C /* PBXTargetDependency */ = {
			isa = PBXTargetDependency;
			target = 9E76B64D208A1C6F0010A34C /* NomNom */;
			targetProxy = 9E76B672208A1C710010A34C /* PBXContainerItemProxy */;
		};
/* End PBXTargetDependency section */

/* Begin PBXVariantGroup section */
		9E76B657208A1C6F0010A34C /* Main.storyboard */ = {
			isa = PBXVariantGroup;
			children = (
				9E76B658208A1C6F0010A34C /* Base */,
			);
			name = Main.storyboard;
			sourceTree = "<group>";
		};
		9E76B65C208A1C710010A34C /* LaunchScreen.storyboard */ = {
			isa = PBXVariantGroup;
			children = (
				9E76B65D208A1C710010A34C /* Base */,
			);
			name = LaunchScreen.storyboard;
			sourceTree = "<group>";
		};
/* End PBXVariantGroup section */

/* Begin XCBuildConfiguration section */
		9E76B678208A1C710010A34C /* Debug */ = {
			isa = XCBuildConfiguration;
			buildSettings = {
				ALWAYS_SEARCH_USER_PATHS = NO;
				CLANG_ANALYZER_NONNULL = YES;
				CLANG_ANALYZER_NUMBER_OBJECT_CONVERSION = YES_AGGRESSIVE;
				CLANG_CXX_LANGUAGE_STANDARD = "gnu++14";
				CLANG_CXX_LIBRARY = "libc++";
				CLANG_ENABLE_MODULES = YES;
				CLANG_ENABLE_OBJC_ARC = YES;
				CLANG_ENABLE_OBJC_WEAK = YES;
				CLANG_WARN_BLOCK_CAPTURE_AUTORELEASING = YES;
				CLANG_WARN_BOOL_CONVERSION = YES;
				CLANG_WARN_COMMA = YES;
				CLANG_WARN_CONSTANT_CONVERSION = YES;
				CLANG_WARN_DEPRECATED_OBJC_IMPLEMENTATIONS = YES;
				CLANG_WARN_DIRECT_OBJC_ISA_USAGE = YES_ERROR;
				CLANG_WARN_DOCUMENTATION_COMMENTS = YES;
				CLANG_WARN_EMPTY_BODY = YES;
				CLANG_WARN_ENUM_CONVERSION = YES;
				CLANG_WARN_INFINITE_RECURSION = YES;
				CLANG_WARN_INT_CONVERSION = YES;
				CLANG_WARN_NON_LITERAL_NULL_CONVERSION = YES;
				CLANG_WARN_OBJC_IMPLICIT_RETAIN_SELF = YES;
				CLANG_WARN_OBJC_LITERAL_CONVERSION = YES;
				CLANG_WARN_OBJC_ROOT_CLASS = YES_ERROR;
				CLANG_WARN_RANGE_LOOP_ANALYSIS = YES;
				CLANG_WARN_STRICT_PROTOTYPES = YES;
				CLANG_WARN_SUSPICIOUS_MOVE = YES;
				CLANG_WARN_UNGUARDED_AVAILABILITY = YES_AGGRESSIVE;
				CLANG_WARN_UNREACHABLE_CODE = YES;
				CLANG_WARN__DUPLICATE_METHOD_MATCH = YES;
				CODE_SIGN_IDENTITY = "iPhone Developer";
				COPY_PHASE_STRIP = NO;
				DEBUG_INFORMATION_FORMAT = dwarf;
				ENABLE_STRICT_OBJC_MSGSEND = YES;
				ENABLE_TESTABILITY = YES;
				GCC_C_LANGUAGE_STANDARD = gnu11;
				GCC_DYNAMIC_NO_PIC = NO;
				GCC_NO_COMMON_BLOCKS = YES;
				GCC_OPTIMIZATION_LEVEL = 0;
				GCC_PREPROCESSOR_DEFINITIONS = (
					"DEBUG=1",
					"$(inherited)",
				);
				GCC_WARN_64_TO_32_BIT_CONVERSION = YES;
				GCC_WARN_ABOUT_RETURN_TYPE = YES_ERROR;
				GCC_WARN_UNDECLARED_SELECTOR = YES;
				GCC_WARN_UNINITIALIZED_AUTOS = YES_AGGRESSIVE;
				GCC_WARN_UNUSED_FUNCTION = YES;
				GCC_WARN_UNUSED_VARIABLE = YES;
				IPHONEOS_DEPLOYMENT_TARGET = 11.3;
				MTL_ENABLE_DEBUG_INFO = YES;
				ONLY_ACTIVE_ARCH = YES;
				SDKROOT = iphoneos;
			};
			name = Debug;
		};
		9E76B679208A1C710010A34C /* Release */ = {
			isa = XCBuildConfiguration;
			buildSettings = {
				ALWAYS_SEARCH_USER_PATHS = NO;
				CLANG_ANALYZER_NONNULL = YES;
				CLANG_ANALYZER_NUMBER_OBJECT_CONVERSION = YES_AGGRESSIVE;
				CLANG_CXX_LANGUAGE_STANDARD = "gnu++14";
				CLANG_CXX_LIBRARY = "libc++";
				CLANG_ENABLE_MODULES = YES;
				CLANG_ENABLE_OBJC_ARC = YES;
				CLANG_ENABLE_OBJC_WEAK = YES;
				CLANG_WARN_BLOCK_CAPTURE_AUTORELEASING = YES;
				CLANG_WARN_BOOL_CONVERSION = YES;
				CLANG_WARN_COMMA = YES;
				CLANG_WARN_CONSTANT_CONVERSION = YES;
				CLANG_WARN_DEPRECATED_OBJC_IMPLEMENTATIONS = YES;
				CLANG_WARN_DIRECT_OBJC_ISA_USAGE = YES_ERROR;
				CLANG_WARN_DOCUMENTATION_COMMENTS = YES;
				CLANG_WARN_EMPTY_BODY = YES;
				CLANG_WARN_ENUM_CONVERSION = YES;
				CLANG_WARN_INFINITE_RECURSION = YES;
				CLANG_WARN_INT_CONVERSION = YES;
				CLANG_WARN_NON_LITERAL_NULL_CONVERSION = YES;
				CLANG_WARN_OBJC_IMPLICIT_RETAIN_SELF = YES;
				CLANG_WARN_OBJC_LITERAL_CONVERSION = YES;
				CLANG_WARN_OBJC_ROOT_CLASS = YES_ERROR;
				CLANG_WARN_RANGE_LOOP_ANALYSIS = YES;
				CLANG_WARN_STRICT_PROTOTYPES = YES;
				CLANG_WARN_SUSPICIOUS_MOVE = YES;
				CLANG_WARN_UNGUARDED_AVAILABILITY = YES_AGGRESSIVE;
				CLANG_WARN_UNREACHABLE_CODE = YES;
				CLANG_WARN__DUPLICATE_METHOD_MATCH = YES;
				CODE_SIGN_IDENTITY = "iPhone Developer";
				COPY_PHASE_STRIP = NO;
				DEBUG_INFORMATION_FORMAT = "dwarf-with-dsym";
				ENABLE_NS_ASSERTIONS = NO;
				ENABLE_STRICT_OBJC_MSGSEND = YES;
				GCC_C_LANGUAGE_STANDARD = gnu11;
				GCC_NO_COMMON_BLOCKS = YES;
				GCC_WARN_64_TO_32_BIT_CONVERSION = YES;
				GCC_WARN_ABOUT_RETURN_TYPE = YES_ERROR;
				GCC_WARN_UNDECLARED_SELECTOR = YES;
				GCC_WARN_UNINITIALIZED_AUTOS = YES_AGGRESSIVE;
				GCC_WARN_UNUSED_FUNCTION = YES;
				GCC_WARN_UNUSED_VARIABLE = YES;
				IPHONEOS_DEPLOYMENT_TARGET = 11.3;
				MTL_ENABLE_DEBUG_INFO = NO;
				SDKROOT = iphoneos;
				VALIDATE_PRODUCT = YES;
			};
			name = Release;
		};
		9E76B67B208A1C710010A34C /* Debug */ = {
			isa = XCBuildConfiguration;
			baseConfigurationReference = 47E1B4EE3383A74DBD0BFE6D /* Pods-NomNom.debug.xcconfig */;
			buildSettings = {
				ASSETCATALOG_COMPILER_APPICON_NAME = AppIcon;
				CODE_SIGN_STYLE = Automatic;
				INFOPLIST_FILE = NomNom/Info.plist;
				LD_RUNPATH_SEARCH_PATHS = (
					"$(inherited)",
					"@executable_path/Frameworks",
				);
				PRODUCT_BUNDLE_IDENTIFIER = nyu.edu.NomNom;
				PRODUCT_NAME = "$(TARGET_NAME)";
				TARGETED_DEVICE_FAMILY = "1,2";
			};
			name = Debug;
		};
		9E76B67C208A1C710010A34C /* Release */ = {
			isa = XCBuildConfiguration;
			baseConfigurationReference = F1774902036F773EAFD9A017 /* Pods-NomNom.release.xcconfig */;
			buildSettings = {
				ASSETCATALOG_COMPILER_APPICON_NAME = AppIcon;
				CODE_SIGN_STYLE = Automatic;
				INFOPLIST_FILE = NomNom/Info.plist;
				LD_RUNPATH_SEARCH_PATHS = (
					"$(inherited)",
					"@executable_path/Frameworks",
				);
				PRODUCT_BUNDLE_IDENTIFIER = nyu.edu.NomNom;
				PRODUCT_NAME = "$(TARGET_NAME)";
				TARGETED_DEVICE_FAMILY = "1,2";
			};
			name = Release;
		};
		9E76B67E208A1C710010A34C /* Debug */ = {
			isa = XCBuildConfiguration;
			baseConfigurationReference = 628BE44E8F4FF4383B7D5FB3 /* Pods-NomNomTests.debug.xcconfig */;
			buildSettings = {
				BUNDLE_LOADER = "$(TEST_HOST)";
				CODE_SIGN_STYLE = Automatic;
				INFOPLIST_FILE = NomNomTests/Info.plist;
				LD_RUNPATH_SEARCH_PATHS = (
					"$(inherited)",
					"@executable_path/Frameworks",
					"@loader_path/Frameworks",
				);
				PRODUCT_BUNDLE_IDENTIFIER = nyu.edu.NomNomTests;
				PRODUCT_NAME = "$(TARGET_NAME)";
				TARGETED_DEVICE_FAMILY = "1,2";
				TEST_HOST = "$(BUILT_PRODUCTS_DIR)/NomNom.app/NomNom";
			};
			name = Debug;
		};
		9E76B67F208A1C710010A34C /* Release */ = {
			isa = XCBuildConfiguration;
			baseConfigurationReference = 74759663BA8A86A51880B4E7 /* Pods-NomNomTests.release.xcconfig */;
			buildSettings = {
				BUNDLE_LOADER = "$(TEST_HOST)";
				CODE_SIGN_STYLE = Automatic;
				INFOPLIST_FILE = NomNomTests/Info.plist;
				LD_RUNPATH_SEARCH_PATHS = (
					"$(inherited)",
					"@executable_path/Frameworks",
					"@loader_path/Frameworks",
				);
				PRODUCT_BUNDLE_IDENTIFIER = nyu.edu.NomNomTests;
				PRODUCT_NAME = "$(TARGET_NAME)";
				TARGETED_DEVICE_FAMILY = "1,2";
				TEST_HOST = "$(BUILT_PRODUCTS_DIR)/NomNom.app/NomNom";
			};
			name = Release;
		};
		9E76B681208A1C710010A34C /* Debug */ = {
			isa = XCBuildConfiguration;
			baseConfigurationReference = EE7C4DAE81EB37E7E096166C /* Pods-NomNomUITests.debug.xcconfig */;
			buildSettings = {
				CODE_SIGN_STYLE = Automatic;
				INFOPLIST_FILE = NomNomUITests/Info.plist;
				LD_RUNPATH_SEARCH_PATHS = (
					"$(inherited)",
					"@executable_path/Frameworks",
					"@loader_path/Frameworks",
				);
				PRODUCT_BUNDLE_IDENTIFIER = nyu.edu.NomNomUITests;
				PRODUCT_NAME = "$(TARGET_NAME)";
				TARGETED_DEVICE_FAMILY = "1,2";
				TEST_TARGET_NAME = NomNom;
			};
			name = Debug;
		};
		9E76B682208A1C710010A34C /* Release */ = {
			isa = XCBuildConfiguration;
			baseConfigurationReference = 38B4D5169DF6CF98D678A2CD /* Pods-NomNomUITests.release.xcconfig */;
			buildSettings = {
				CODE_SIGN_STYLE = Automatic;
				INFOPLIST_FILE = NomNomUITests/Info.plist;
				LD_RUNPATH_SEARCH_PATHS = (
					"$(inherited)",
					"@executable_path/Frameworks",
					"@loader_path/Frameworks",
				);
				PRODUCT_BUNDLE_IDENTIFIER = nyu.edu.NomNomUITests;
				PRODUCT_NAME = "$(TARGET_NAME)";
				TARGETED_DEVICE_FAMILY = "1,2";
				TEST_TARGET_NAME = NomNom;
			};
			name = Release;
		};
/* End XCBuildConfiguration section */

/* Begin XCConfigurationList section */
		9E76B649208A1C6F0010A34C /* Build configuration list for PBXProject "NomNom" */ = {
			isa = XCConfigurationList;
			buildConfigurations = (
				9E76B678208A1C710010A34C /* Debug */,
				9E76B679208A1C710010A34C /* Release */,
			);
			defaultConfigurationIsVisible = 0;
			defaultConfigurationName = Release;
		};
		9E76B67A208A1C710010A34C /* Build configuration list for PBXNativeTarget "NomNom" */ = {
			isa = XCConfigurationList;
			buildConfigurations = (
				9E76B67B208A1C710010A34C /* Debug */,
				9E76B67C208A1C710010A34C /* Release */,
			);
			defaultConfigurationIsVisible = 0;
			defaultConfigurationName = Release;
		};
		9E76B67D208A1C710010A34C /* Build configuration list for PBXNativeTarget "NomNomTests" */ = {
			isa = XCConfigurationList;
			buildConfigurations = (
				9E76B67E208A1C710010A34C /* Debug */,
				9E76B67F208A1C710010A34C /* Release */,
			);
			defaultConfigurationIsVisible = 0;
			defaultConfigurationName = Release;
		};
		9E76B680208A1C710010A34C /* Build configuration list for PBXNativeTarget "NomNomUITests" */ = {
			isa = XCConfigurationList;
			buildConfigurations = (
				9E76B681208A1C710010A34C /* Debug */,
				9E76B682208A1C710010A34C /* Release */,
			);
			defaultConfigurationIsVisible = 0;
			defaultConfigurationName = Release;
		};
/* End XCConfigurationList section */
	};
	rootObject = 9E76B646208A1C6F0010A34C /* Project object */;
}
